
Microsoft Visual Studio Solution File, Format Version 12.00
# Visual Studio 14
VisualStudioVersion = 14.0.23107.0
MinimumVisualStudioVersion = 10.0.40219.1
Project("{FAE04EC0-301F-11D3-BF4B-00C04F79EFBC}") = "ProjRAD302", "ProjRAD302\ProjRAD302.csproj", "{D1923BAE-D429-47A4-9FA7-77097EEAB58E}"
EndProject
Project("{2150E333-8FDC-42A3-9474-1A3956D46DE8}") = "Solution Items", "Solution Items", "{E988A784-8569-40DA-BBF2-A2C5F529CB9B}"
	ProjectSection(SolutionItems) = preProject
		README.md = README.md
	EndProjectSection
EndProject
Global
	GlobalSection(SolutionConfigurationPlatforms) = preSolution
		Debug|Any CPU = Debug|Any CPU
		Release|Any CPU = Release|Any CPU
	EndGlobalSection
	GlobalSection(ProjectConfigurationPlatforms) = postSolution
		{D1923BAE-D429-47A4-9FA7-77097EEAB58E}.Debug|Any CPU.ActiveCfg = Debug|Any CPU
		{D1923BAE-D429-47A4-9FA7-77097EEAB58E}.Debug|Any CPU.Build.0 = Debug|Any CPU
		{D1923BAE-D429-47A4-9FA7-77097EEAB58E}.Release|Any CPU.ActiveCfg = Release|Any CPU
		{D1923BAE-D429-47A4-9FA7-77097EEAB58E}.Release|Any CPU.Build.0 = Release|Any CPU
	EndGlobalSection
	GlobalSection(SolutionProperties) = preSolution
		HideSolutionNode = FALSE
	EndGlobalSection
EndGlobal
